# This file is automatically @generated by Poetry 2.1.2 and should not be changed by hand.

[[package]]
name = "cowpy"
version = "1.1.5"
description = ""
optional = false
python-versions = ">=3.6"
groups = ["main"]
files = [
    {file = "cowpy-1.1.5-py3-none-any.whl", hash = "sha256:de5ae7646dd30b4936013666c6bd019af9cf411cc3b377c8538cfd8414262921"},
    {file = "cowpy-1.1.5.tar.gz", hash = "sha256:089172db1d88c30a2e1b741b18945ee84170bd943a3ca71948e4ae3a3255e554"},
]

[metadata]
lock-version = "2.1"
python-versions = ">=3.10,<3.13"
content-hash = "ea0483bff4db3611f7dd76892734b176a5a6337a328c3d4d1193517ed23ea118"
