# This file is automatically @generated by Poetry 1.8.4 and should not be changed by hand.

[[package]]
name = "python-cowsay"
version = "1.2.0"
description = "A Cowsay clone in Python"
optional = false
python-versions = ">=3.8"
files = [
    {file = "python-cowsay-1.2.0.tar.gz", hash = "sha256:eae49ea3abc00dba38f166e92f2e8f103a75182a944eb7b79aab5b515ca0363d"},
    {file = "python_cowsay-1.2.0-py3-none-any.whl", hash = "sha256:69aa91072e36ff27ceb8261718323c9ab275b3470b2260841c5b9ad5d83e8ff3"},
]

[metadata]
lock-version = "2.0"
python-versions = ">=3.10,<3.13"
content-hash = "b82b9d76dcc9f40811b68f6b71d472f30b1bbd614b20df14ca5faea7b09c1996"
